// !$*UTF8*$!
{
	archiveVersion = 1;
	classes = {
	};
	objectVersion = 50;
	objects = {

/* Begin PBXBuildFile section */
		DC98D06F24860BD900CF8A82 /* AppDelegate.swift in Sources */ = {isa = PBXBuildFile; fileRef = DC98D06E24860BD900CF8A82 /* AppDelegate.swift */; };
		DC98D07124860BD900CF8A82 /* SceneDelegate.swift in Sources */ = {isa = PBXBuildFile; fileRef = DC98D07024860BD900CF8A82 /* SceneDelegate.swift */; };
		DC98D07324860BD900CF8A82 /* ViewController.swift in Sources */ = {isa = PBXBuildFile; fileRef = DC98D07224860BD900CF8A82 /* ViewController.swift */; };
		DC98D07624860BD900CF8A82 /* Main.storyboard in Resources */ = {isa = PBXBuildFile; fileRef = DC98D07424860BD900CF8A82 /* Main.storyboard */; };
		DC98D07824860BE000CF8A82 /* Assets.xcassets in Resources */ = {isa = PBXBuildFile; fileRef = DC98D07724860BE000CF8A82 /* Assets.xcassets */; };
		DC98D07B24860BE000CF8A82 /* LaunchScreen.storyboard in Resources */ = {isa = PBXBuildFile; fileRef = DC98D07924860BE000CF8A82 /* LaunchScreen.storyboard */; };
/* End PBXBuildFile section */

/* Begin PBXFileReference section */
		DC98D06B24860BD900CF8A82 /* Apple Store.app */ = {isa = PBXFileReference; explicitFileType = wrapper.application; includeInIndex = 0; path = "Apple Store.app"; sourceTree = BUILT_PRODUCTS_DIR; };
		DC98D06E24860BD900CF8A82 /* AppDelegate.swift */ = {isa = PBXFileReference; lastKnownFileType = sourcecode.swift; path = AppDelegate.swift; sourceTree = "<group>"; };
		DC98D07024860BD900CF8A82 /* SceneDelegate.swift */ = {isa = PBXFileReference; lastKnownFileType = sourcecode.swift; path = SceneDelegate.swift; sourceTree = "<group>"; };
		DC98D07224860BD900CF8A82 /* ViewController.swift */ = {isa = PBXFileReference; lastKnownFileType = sourcecode.swift; path = ViewController.swift; sourceTree = "<group>"; };
		DC98D07524860BD900CF8A82 /* Base */ = {isa = PBXFileReference; lastKnownFileType = file.storyboard; name = Base; path = Base.lproj/Main.storyboard; sourceTree = "<group>"; };
		DC98D07724860BE000CF8A82 /* Assets.xcassets */ = {isa = PBXFileReference; lastKnownFileType = folder.assetcatalog; path = Assets.xcassets; sourceTree = "<group>"; };
		DC98D07A24860BE000CF8A82 /* Base */ = {isa = PBXFileReference; lastKnownFileType = file.storyboard; name = Base; path = Base.lproj/LaunchScreen.storyboard; sourceTree = "<group>"; };
		DC98D07C24860BE000CF8A82 /* Info.plist */ = {isa = PBXFileReference; lastKnownFileType = text.plist.xml; path = Info.plist; sourceTree = "<group>"; };
/* End PBXFileReference section */

/* Begin PBXFrameworksBuildPhase section */
		DC98D06824860BD900CF8A82 /* Frameworks */ = {
			isa = PBXFrameworksBuildPhase;
			buildActionMask = 2147483647;
			files = (
			);
			runOnlyForDeploymentPostprocessing = 0;
		};
/* End PBXFrameworksBuildPhase section */

/* Begin PBXGroup section */
		DC98D06224860BD900CF8A82 = {
			isa = PBXGroup;
			children = (
				DC98D06D24860BD900CF8A82 /* Apple Store */,
				DC98D06C24860BD900CF8A82 /* Products */,
			);
			sourceTree = "<group>";
		};
		DC98D06C24860BD900CF8A82 /* Products */ = {
			isa = PBXGroup;
			children = (
				DC98D06B24860BD900CF8A82 /* Apple Store.app */,
			);
			name = Products;
			sourceTree = "<group>";
		};
		DC98D06D24860BD900CF8A82 /* Apple Store */ = {
			isa = PBXGroup;
			children = (
				DC98D06E24860BD900CF8A82 /* AppDelegate.swift */,
				DC98D07024860BD900CF8A82 /* SceneDelegate.swift */,
				DC98D07224860BD900CF8A82 /* ViewController.swift */,
				DC98D07424860BD900CF8A82 /* Main.storyboard */,
				DC98D07724860BE000CF8A82 /* Assets.xcassets */,
				DC98D07924860BE000CF8A82 /* LaunchScreen.storyboard */,
				DC98D07C24860BE000CF8A82 /* Info.plist */,
			);
			path = "Apple Store";
			sourceTree = "<group>";
		};
/* End PBXGroup section */

/* Begin PBXNativeTarget section */
		DC98D06A24860BD900CF8A82 /* Apple Store */ = {
			isa = PBXNativeTarget;
			buildConfigurationList = DC98D07F24860BE000CF8A82 /* Build configuration list for PBXNativeTarget "Apple Store" */;
			buildPhases = (
				DC98D06724860BD900CF8A82 /* Sources */,
				DC98D06824860BD900CF8A82 /* Frameworks */,
				DC98D06924860BD900CF8A82 /* Resources */,
			);
			buildRules = (
			);
			dependencies = (
			);
			name = "Apple Store";
			productName = "Apple Store";
			productReference = DC98D06B24860BD900CF8A82 /* Apple Store.app */;
			productType = "com.apple.product-type.application";
		};
/* End PBXNativeTarget section */

/* Begin PBXProject section */
		DC98D06324860BD900CF8A82 /* Project object */ = {
			isa = PBXProject;
			attributes = {
				LastSwiftUpdateCheck = 1140;
				LastUpgradeCheck = 1140;
				ORGANIZATIONNAME = "Trần Nhất Thống";
				TargetAttributes = {
					DC98D06A24860BD900CF8A82 = {
						CreatedOnToolsVersion = 11.4.1;
					};
				};
			};
			buildConfigurationList = DC98D06624860BD900CF8A82 /* Build configuration list for PBXProject "Apple Store" */;
			compatibilityVersion = "Xcode 9.3";
			developmentRegion = en;
			hasScannedForEncodings = 0;
			knownRegions = (
				en,
				Base,
			);
			mainGroup = DC98D06224860BD900CF8A82;
			productRefGroup = DC98D06C24860BD900CF8A82 /* Products */;
			projectDirPath = "";
			projectRoot = "";
			targets = (
				DC98D06A24860BD900CF8A82 /* Apple Store */,
			);
		};
/* End PBXProject section */

/* Begin PBXResourcesBuildPhase section */
		DC98D06924860BD900CF8A82 /* Resources */ = {
			isa = PBXResourcesBuildPhase;
			buildActionMask = 2147483647;
			files = (
				DC98D07B24860BE000CF8A82 /* LaunchScreen.storyboard in Resources */,
				DC98D07824860BE000CF8A82 /* Assets.xcassets in Resources */,
				DC98D07624860BD900CF8A82 /* Main.storyboard in Resources */,
			);
			runOnlyForDeploymentPostprocessing = 0;
		};
/* End PBXResourcesBuildPhase section */

/* Begin PBXSourcesBuildPhase section */
		DC98D06724860BD900CF8A82 /* Sources */ = {
			isa = PBXSourcesBuildPhase;
			buildActionMask = 2147483647;
			files = (
				DC98D07324860BD900CF8A82 /* ViewController.swift in Sources */,
				DC98D06F24860BD900CF8A82 /* AppDelegate.swift in Sources */,
				DC98D07124860BD900CF8A82 /* SceneDelegate.swift in Sources */,
			);
			runOnlyForDeploymentPostprocessing = 0;
		};
/* End PBXSourcesBuildPhase section */

/* Begin PBXVariantGroup section */
		DC98D07424860BD900CF8A82 /* Main.storyboard */ = {
			isa = PBXVariantGroup;
			children = (
				DC98D07524860BD900CF8A82 /* Base */,
			);
			name = Main.storyboard;
			sourceTree = "<group>";
		};
		DC98D07924860BE000CF8A82 /* LaunchScreen.storyboard */ = {
			isa = PBXVariantGroup;
			children = (
				DC98D07A24860BE000CF8A82 /* Base */,
			);
			name = LaunchScreen.storyboard;
			sourceTree = "<group>";
		};
/* End PBXVariantGroup section */

/* Begin XCBuildConfiguration section */
		DC98D07D24860BE000CF8A82 /* Debug */ = {
			isa = XCBuildConfiguration;
			buildSettings = {
				ALWAYS_SEARCH_USER_PATHS = NO;
				CLANG_ANALYZER_NONNULL = YES;
				CLANG_ANALYZER_NUMBER_OBJECT_CONVERSION = YES_AGGRESSIVE;
				CLANG_CXX_LANGUAGE_STANDARD = "gnu++14";
				CLANG_CXX_LIBRARY = "libc++";
				CLANG_ENABLE_MODULES = YES;
				CLANG_ENABLE_OBJC_ARC = YES;
				CLANG_ENABLE_OBJC_WEAK = YES;
				CLANG_WARN_BLOCK_CAPTURE_AUTORELEASING = YES;
				CLANG_WARN_BOOL_CONVERSION = YES;
				CLANG_WARN_COMMA = YES;
				CLANG_WARN_CONSTANT_CONVERSION = YES;
				CLANG_WARN_DEPRECATED_OBJC_IMPLEMENTATIONS = YES;
				CLANG_WARN_DIRECT_OBJC_ISA_USAGE = YES_ERROR;
				CLANG_WARN_DOCUMENTATION_COMMENTS = YES;
				CLANG_WARN_EMPTY_BODY = YES;
				CLANG_WARN_ENUM_CONVERSION = YES;
				CLANG_WARN_INFINITE_RECURSION = YES;
				CLANG_WARN_INT_CONVERSION = YES;
				CLANG_WARN_NON_LITERAL_NULL_CONVERSION = YES;
				CLANG_WARN_OBJC_IMPLICIT_RETAIN_SELF = YES;
				CLANG_WARN_OBJC_LITERAL_CONVERSION = YES;
				CLANG_WARN_OBJC_ROOT_CLASS = YES_ERROR;
				CLANG_WARN_RANGE_LOOP_ANALYSIS = YES;
				CLANG_WARN_STRICT_PROTOTYPES = YES;
				CLANG_WARN_SUSPICIOUS_MOVE = YES;
				CLANG_WARN_UNGUARDED_AVAILABILITY = YES_AGGRESSIVE;
				CLANG_WARN_UNREACHABLE_CODE = YES;
				CLANG_WARN__DUPLICATE_METHOD_MATCH = YES;
				COPY_PHASE_STRIP = NO;
				DEBUG_INFORMATION_FORMAT = dwarf;
				ENABLE_STRICT_OBJC_MSGSEND = YES;
				ENABLE_TESTABILITY = YES;
				GCC_C_LANGUAGE_STANDARD = gnu11;
				GCC_DYNAMIC_NO_PIC = NO;
				GCC_NO_COMMON_BLOCKS = YES;
				GCC_OPTIMIZATION_LEVEL = 0;
				GCC_PREPROCESSOR_DEFINITIONS = (
					"DEBUG=1",
					"$(inherited)",
				);
				GCC_WARN_64_TO_32_BIT_CONVERSION = YES;
				GCC_WARN_ABOUT_RETURN_TYPE = YES_ERROR;
				GCC_WARN_UNDECLARED_SELECTOR = YES;
				GCC_WARN_UNINITIALIZED_AUTOS = YES_AGGRESSIVE;
				GCC_WARN_UNUSED_FUNCTION = YES;
				GCC_WARN_UNUSED_VARIABLE = YES;
				IPHONEOS_DEPLOYMENT_TARGET = 13.4;
				MTL_ENABLE_DEBUG_INFO = INCLUDE_SOURCE;
				MTL_FAST_MATH = YES;
				ONLY_ACTIVE_ARCH = YES;
				SDKROOT = iphoneos;
				SWIFT_ACTIVE_COMPILATION_CONDITIONS = DEBUG;
				SWIFT_OPTIMIZATION_LEVEL = "-Onone";
			};
			name = Debug;
		};
		DC98D07E24860BE000CF8A82 /* Release */ = {
			isa = XCBuildConfiguration;
			buildSettings = {
				ALWAYS_SEARCH_USER_PATHS = NO;
				CLANG_ANALYZER_NONNULL = YES;
				CLANG_ANALYZER_NUMBER_OBJECT_CONVERSION = YES_AGGRESSIVE;
				CLANG_CXX_LANGUAGE_STANDARD = "gnu++14";
				CLANG_CXX_LIBRARY = "libc++";
				CLANG_ENABLE_MODULES = YES;
				CLANG_ENABLE_OBJC_ARC = YES;
				CLANG_ENABLE_OBJC_WEAK = YES;
				CLANG_WARN_BLOCK_CAPTURE_AUTORELEASING = YES;
				CLANG_WARN_BOOL_CONVERSION = YES;
				CLANG_WARN_COMMA = YES;
				CLANG_WARN_CONSTANT_CONVERSION = YES;
				CLANG_WARN_DEPRECATED_OBJC_IMPLEMENTATIONS = YES;
				CLANG_WARN_DIRECT_OBJC_ISA_USAGE = YES_ERROR;
				CLANG_WARN_DOCUMENTATION_COMMENTS = YES;
				CLANG_WARN_EMPTY_BODY = YES;
				CLANG_WARN_ENUM_CONVERSION = YES;
				CLANG_WARN_INFINITE_RECURSION = YES;
				CLANG_WARN_INT_CONVERSION = YES;
				CLANG_WARN_NON_LITERAL_NULL_CONVERSION = YES;
				CLANG_WARN_OBJC_IMPLICIT_RETAIN_SELF = YES;
				CLANG_WARN_OBJC_LITERAL_CONVERSION = YES;
				CLANG_WARN_OBJC_ROOT_CLASS = YES_ERROR;
				CLANG_WARN_RANGE_LOOP_ANALYSIS = YES;
				CLANG_WARN_STRICT_PROTOTYPES = YES;
				CLANG_WARN_SUSPICIOUS_MOVE = YES;
				CLANG_WARN_UNGUARDED_AVAILABILITY = YES_AGGRESSIVE;
				CLANG_WARN_UNREACHABLE_CODE = YES;
				CLANG_WARN__DUPLICATE_METHOD_MATCH = YES;
				COPY_PHASE_STRIP = NO;
				DEBUG_INFORMATION_FORMAT = "dwarf-with-dsym";
				ENABLE_NS_ASSERTIONS = NO;
				ENABLE_STRICT_OBJC_MSGSEND = YES;
				GCC_C_LANGUAGE_STANDARD = gnu11;
				GCC_NO_COMMON_BLOCKS = YES;
				GCC_WARN_64_TO_32_BIT_CONVERSION = YES;
				GCC_WARN_ABOUT_RETURN_TYPE = YES_ERROR;
				GCC_WARN_UNDECLARED_SELECTOR = YES;
				GCC_WARN_UNINITIALIZED_AUTOS = YES_AGGRESSIVE;
				GCC_WARN_UNUSED_FUNCTION = YES;
				GCC_WARN_UNUSED_VARIABLE = YES;
				IPHONEOS_DEPLOYMENT_TARGET = 13.4;
				MTL_ENABLE_DEBUG_INFO = NO;
				MTL_FAST_MATH = YES;
				SDKROOT = iphoneos;
				SWIFT_COMPILATION_MODE = wholemodule;
				SWIFT_OPTIMIZATION_LEVEL = "-O";
				VALIDATE_PRODUCT = YES;
			};
			name = Release;
		};
		DC98D08024860BE000CF8A82 /* Debug */ = {
			isa = XCBuildConfiguration;
			buildSettings = {
				ASSETCATALOG_COMPILER_APPICON_NAME = AppIcon;
				CODE_SIGN_STYLE = Automatic;
				DEVELOPMENT_TEAM = N2TUE3Q7K8;
				INFOPLIST_FILE = "Apple Store/Info.plist";
				LD_RUNPATH_SEARCH_PATHS = (
					"$(inherited)",
					"@executable_path/Frameworks",
				);
				PRODUCT_BUNDLE_IDENTIFIER = "home.Apple-Store";
				PRODUCT_NAME = "$(TARGET_NAME)";
				SWIFT_VERSION = 5.0;
				TARGETED_DEVICE_FAMILY = "1,2";
			};
			name = Debug;
		};
		DC98D08124860BE000CF8A82 /* Release */ = {
			isa = XCBuildConfiguration;
			buildSettings = {
				ASSETCATALOG_COMPILER_APPICON_NAME = AppIcon;
				CODE_SIGN_STYLE = Automatic;
				DEVELOPMENT_TEAM = N2TUE3Q7K8;
				INFOPLIST_FILE = "Apple Store/Info.plist";
				LD_RUNPATH_SEARCH_PATHS = (
					"$(inherited)",
					"@executable_path/Frameworks",
				);
				PRODUCT_BUNDLE_IDENTIFIER = "home.Apple-Store";
				PRODUCT_NAME = "$(TARGET_NAME)";
				SWIFT_VERSION = 5.0;
				TARGETED_DEVICE_FAMILY = "1,2";
			};
			name = Release;
		};
/* End XCBuildConfiguration section */

/* Begin XCConfigurationList section */
		DC98D06624860BD900CF8A82 /* Build configuration list for PBXProject "Apple Store" */ = {
			isa = XCConfigurationList;
			buildConfigurations = (
				DC98D07D24860BE000CF8A82 /* Debug */,
				DC98D07E24860BE000CF8A82 /* Release */,
			);
			defaultConfigurationIsVisible = 0;
			defaultConfigurationName = Release;
		};
		DC98D07F24860BE000CF8A82 /* Build configuration list for PBXNativeTarget "Apple Store" */ = {
			isa = XCConfigurationList;
			buildConfigurations = (
				DC98D08024860BE000CF8A82 /* Debug */,
				DC98D08124860BE000CF8A82 /* Release */,
			);
			defaultConfigurationIsVisible = 0;
			defaultConfigurationName = Release;
		};
/* End XCConfigurationList section */
	};
	rootObject = DC98D06324860BD900CF8A82 /* Project object */;
}
